Microsoft Visual Studio Solution File, Format Version 12.00
# Visual Studio Version 17
VisualStudioVersion = 17.5.2.0
MinimumVisualStudioVersion = 10.0.40219.1
Project("{FAE04EC0-301F-11D3-BF4B-00C04F79EFBC}") = "FirstExam", "FirstExam.csproj", "{FD43F115-9E50-3088-A068-7FB5957AAC80}"
EndProject
Global
	GlobalSection(SolutionConfigurationPlatforms) = preSolution
		Debug|Any CPU = Debug|Any CPU
		Release|Any CPU = Release|Any CPU
	EndGlobalSection
	GlobalSection(ProjectConfigurationPlatforms) = postSolution
		{FD43F115-9E50-3088-A068-7FB5957AAC80}.Debug|Any CPU.ActiveCfg = Debug|Any CPU
		{FD43F115-9E50-3088-A068-7FB5957AAC80}.Debug|Any CPU.Build.0 = Debug|Any CPU
		{FD43F115-9E50-3088-A068-7FB5957AAC80}.Release|Any CPU.ActiveCfg = Release|Any CPU
		{FD43F115-9E50-3088-A068-7FB5957AAC80}.Release|Any CPU.Build.0 = Release|Any CPU
	EndGlobalSection
	GlobalSection(SolutionProperties) = preSolution
		HideSolutionNode = FALSE
	EndGlobalSection
	GlobalSection(ExtensibilityGlobals) = postSolution
		SolutionGuid = {8FE69AE3-ED9A-4FB8-98F7-7BC561699D75}
	EndGlobalSection
EndGlobal
